{
  "name": "odin-tic-tac-toe",
  "lockfileVersion": 2,
  "requires": true,
  "packages": {
    "": {
      "dependencies": {
        "bulma": "^0.9.3",
        "livereload-js": "^3.3.3"
      }
    },
    "node_modules/bulma": {
      "version": "0.9.3",
      "resolved": "https://registry.npmjs.org/bulma/-/bulma-0.9.3.tgz",
      "integrity": "sha512-0d7GNW1PY4ud8TWxdNcP6Cc8Bu7MxcntD/RRLGWuiw/s0a9P+XlH/6QoOIrmbj6o8WWJzJYhytiu9nFjTszk1g=="
    },
    "node_modules/livereload-js": {
      "version": "3.3.3",
      "resolved": "https://registry.npmjs.org/livereload-js/-/livereload-js-3.3.3.tgz",
      "integrity": "sha512-a7Jipme3XIBIryJluWP5LQrEAvhobDPyScBe+q+MYwxBiMT2Ck7msy4tAdF8TAa33FMdJqX4guP81Yhiu6BkmQ=="
    }
  },
  "dependencies": {
    "bulma": {
      "version": "0.9.3",
      "resolved": "https://registry.npmjs.org/bulma/-/bulma-0.9.3.tgz",
      "integrity": "sha512-0d7GNW1PY4ud8TWxdNcP6Cc8Bu7MxcntD/RRLGWuiw/s0a9P+XlH/6QoOIrmbj6o8WWJzJYhytiu9nFjTszk1g=="
    },
    "livereload-js": {
      "version": "3.3.3",
      "resolved": "https://registry.npmjs.org/livereload-js/-/livereload-js-3.3.3.tgz",
      "integrity": "sha512-a7Jipme3XIBIryJluWP5LQrEAvhobDPyScBe+q+MYwxBiMT2Ck7msy4tAdF8TAa33FMdJqX4guP81Yhiu6BkmQ=="
    }
  }
}
